
Microsoft Visual Studio Solution File, Format Version 12.00
# Visual Studio Version 17
VisualStudioVersion = 17.0.31903.59
MinimumVisualStudioVersion = 10.0.40219.1
Project("{FAE04EC0-301F-11D3-BF4B-00C04F79EFBC}") = "FavoriteBooksManager.Web", "FavoriteBooksManager.Web\FavoriteBooksManager.Web.csproj", "{5B371AE6-617B-4544-8D66-E097F9463109}"
EndProject
Project("{FAE04EC0-301F-11D3-BF4B-00C04F79EFBC}") = "FavoriteBooksManager.Data", "FavoriteBooksManager.Data\FavoriteBooksManager.Data.csproj", "{0A6D1C64-D419-42FD-8670-DD90E69254D0}"
EndProject
Global
	GlobalSection(SolutionConfigurationPlatforms) = preSolution
		Debug|Any CPU = Debug|Any CPU
		Release|Any CPU = Release|Any CPU
	EndGlobalSection
	GlobalSection(SolutionProperties) = preSolution
		HideSolutionNode = FALSE
	EndGlobalSection
	GlobalSection(ProjectConfigurationPlatforms) = postSolution
		{5B371AE6-617B-4544-8D66-E097F9463109}.Debug|Any CPU.ActiveCfg = Debug|Any CPU
		{5B371AE6-617B-4544-8D66-E097F9463109}.Debug|Any CPU.Build.0 = Debug|Any CPU
		{5B371AE6-617B-4544-8D66-E097F9463109}.Release|Any CPU.ActiveCfg = Release|Any CPU
		{5B371AE6-617B-4544-8D66-E097F9463109}.Release|Any CPU.Build.0 = Release|Any CPU
		{0A6D1C64-D419-42FD-8670-DD90E69254D0}.Debug|Any CPU.ActiveCfg = Debug|Any CPU
		{0A6D1C64-D419-42FD-8670-DD90E69254D0}.Debug|Any CPU.Build.0 = Debug|Any CPU
		{0A6D1C64-D419-42FD-8670-DD90E69254D0}.Release|Any CPU.ActiveCfg = Release|Any CPU
		{0A6D1C64-D419-42FD-8670-DD90E69254D0}.Release|Any CPU.Build.0 = Release|Any CPU
	EndGlobalSection
EndGlobal
